
Microsoft Visual Studio Solution File, Format Version 12.00
# Visual Studio Version 16
VisualStudioVersion = 16.0.31624.102
MinimumVisualStudioVersion = 10.0.40219.1
Project("{FAE04EC0-301F-11D3-BF4B-00C04F79EFBC}") = "ThreadLock", "ThreadLock.csproj", "{D4B7779E-CBCF-4357-BF70-18F795AE0B53}"
EndProject
Global
	GlobalSection(SolutionConfigurationPlatforms) = preSolution
		Debug|Any CPU = Debug|Any CPU
		Release|Any CPU = Release|Any CPU
	EndGlobalSection
	GlobalSection(ProjectConfigurationPlatforms) = postSolution
		{D4B7779E-CBCF-4357-BF70-18F795AE0B53}.Debug|Any CPU.ActiveCfg = Debug|Any CPU
		{D4B7779E-CBCF-4357-BF70-18F795AE0B53}.Debug|Any CPU.Build.0 = Debug|Any CPU
		{D4B7779E-CBCF-4357-BF70-18F795AE0B53}.Release|Any CPU.ActiveCfg = Release|Any CPU
		{D4B7779E-CBCF-4357-BF70-18F795AE0B53}.Release|Any CPU.Build.0 = Release|Any CPU
	EndGlobalSection
	GlobalSection(SolutionProperties) = preSolution
		HideSolutionNode = FALSE
	EndGlobalSection
	GlobalSection(ExtensibilityGlobals) = postSolution
		SolutionGuid = {C369AC03-204E-4426-9C72-5F3A7D93FD22}
	EndGlobalSection
EndGlobal
